// !$*UTF8*$!
{
	archiveVersion = 1;
	classes = {
	};
	objectVersion = 55;
	objects = {

/* Begin PBXBuildFile section */
		1B09D1C229189F8B00D6435B /* GoogleSignIn in Frameworks */ = {isa = PBXBuildFile; productRef = 1B09D1C129189F8B00D6435B /* GoogleSignIn */; };
		1B09D1C429189F8B00D6435B /* GoogleSignInSwift in Frameworks */ = {isa = PBXBuildFile; productRef = 1B09D1C329189F8B00D6435B /* GoogleSignInSwift */; };
		1B1BFB20286E17F000EDF965 /* Wishing_WellApp.swift in Sources */ = {isa = PBXBuildFile; fileRef = 1B1BFB1F286E17F000EDF965 /* Wishing_WellApp.swift */; };
		1B1BFB22286E17F000EDF965 /* ContentView.swift in Sources */ = {isa = PBXBuildFile; fileRef = 1B1BFB21286E17F000EDF965 /* ContentView.swift */; };
		1B1BFB24286E17F200EDF965 /* Assets.xcassets in Resources */ = {isa = PBXBuildFile; fileRef = 1B1BFB23286E17F200EDF965 /* Assets.xcassets */; };
		1B1BFB27286E17F200EDF965 /* Preview Assets.xcassets in Resources */ = {isa = PBXBuildFile; fileRef = 1B1BFB26286E17F200EDF965 /* Preview Assets.xcassets */; };
		1B1BFB29286E17F200EDF965 /* Persistence.swift in Sources */ = {isa = PBXBuildFile; fileRef = 1B1BFB28286E17F200EDF965 /* Persistence.swift */; };
		1B1BFB2C286E17F200EDF965 /* Wishing_Well.xcdatamodeld in Sources */ = {isa = PBXBuildFile; fileRef = 1B1BFB2A286E17F200EDF965 /* Wishing_Well.xcdatamodeld */; };
		1B1BFB36286E17F200EDF965 /* Wishing_WellTests.swift in Sources */ = {isa = PBXBuildFile; fileRef = 1B1BFB35286E17F200EDF965 /* Wishing_WellTests.swift */; };
		1B1BFB40286E17F200EDF965 /* Wishing_WellUITests.swift in Sources */ = {isa = PBXBuildFile; fileRef = 1B1BFB3F286E17F200EDF965 /* Wishing_WellUITests.swift */; };
		1B1BFB42286E17F200EDF965 /* Wishing_WellUITestsLaunchTests.swift in Sources */ = {isa = PBXBuildFile; fileRef = 1B1BFB41286E17F200EDF965 /* Wishing_WellUITestsLaunchTests.swift */; };
		1BE6DD552898CE530099C7A1 /* Login.swift in Sources */ = {isa = PBXBuildFile; fileRef = 1BE6DD542898CE530099C7A1 /* Login.swift */; };
		1BFFF3D329163D4800D0E87F /* loginViewModel.swift in Sources */ = {isa = PBXBuildFile; fileRef = 1BFFF3D229163D4800D0E87F /* loginViewModel.swift */; };
		1BFFF3D429163D4800D0E87F /* loginViewModel.swift in Sources */ = {isa = PBXBuildFile; fileRef = 1BFFF3D229163D4800D0E87F /* loginViewModel.swift */; };
		1BFFF3D72916452300D0E87F /* FirebaseAuth in Frameworks */ = {isa = PBXBuildFile; productRef = 1BFFF3D62916452300D0E87F /* FirebaseAuth */; };
		1BFFF3D92916452300D0E87F /* FirebaseAuthCombine-Community in Frameworks */ = {isa = PBXBuildFile; productRef = 1BFFF3D82916452300D0E87F /* FirebaseAuthCombine-Community */; };
		1BFFF3DB2916452300D0E87F /* FirebaseDatabase in Frameworks */ = {isa = PBXBuildFile; productRef = 1BFFF3DA2916452300D0E87F /* FirebaseDatabase */; };
		1BFFF3DD2916452300D0E87F /* FirebaseFirestore in Frameworks */ = {isa = PBXBuildFile; productRef = 1BFFF3DC2916452300D0E87F /* FirebaseFirestore */; };
		1BFFF3DF2916452300D0E87F /* FirebaseFirestoreCombine-Community in Frameworks */ = {isa = PBXBuildFile; productRef = 1BFFF3DE2916452300D0E87F /* FirebaseFirestoreCombine-Community */; };
		1BFFF3E12916452300D0E87F /* FirebaseFirestoreSwift in Frameworks */ = {isa = PBXBuildFile; productRef = 1BFFF3E02916452300D0E87F /* FirebaseFirestoreSwift */; };
		1BFFF3E32916452300D0E87F /* FirebaseStorage in Frameworks */ = {isa = PBXBuildFile; productRef = 1BFFF3E22916452300D0E87F /* FirebaseStorage */; };
		1BFFF3E52916452300D0E87F /* FirebaseStorageCombine-Community in Frameworks */ = {isa = PBXBuildFile; productRef = 1BFFF3E42916452300D0E87F /* FirebaseStorageCombine-Community */; };
		1BFFF3EA291647FE00D0E87F /* AppleSignIn.swift in Sources */ = {isa = PBXBuildFile; fileRef = 1BFFF3E9291647FE00D0E87F /* AppleSignIn.swift */; };
		1BFFF3EB291647FE00D0E87F /* AppleSignIn.swift in Sources */ = {isa = PBXBuildFile; fileRef = 1BFFF3E9291647FE00D0E87F /* AppleSignIn.swift */; };
		1BFFF3F129164B3B00D0E87F /* GoogleService-Info.plist in Resources */ = {isa = PBXBuildFile; fileRef = 1BFFF3F029164B3B00D0E87F /* GoogleService-Info.plist */; };
		1BFFF3F229164B3B00D0E87F /* GoogleService-Info.plist in Resources */ = {isa = PBXBuildFile; fileRef = 1BFFF3F029164B3B00D0E87F /* GoogleService-Info.plist */; };
		1BFFF3F329164B3B00D0E87F /* GoogleService-Info.plist in Resources */ = {isa = PBXBuildFile; fileRef = 1BFFF3F029164B3B00D0E87F /* GoogleService-Info.plist */; };
		1BFFF3FD2916A0B500D0E87F /* Montserrat-Regular.ttf in Resources */ = {isa = PBXBuildFile; fileRef = 1BFFF3FB2916A0B500D0E87F /* Montserrat-Regular.ttf */; };
		1BFFF3FE2916A0B500D0E87F /* Montserrat-Bold.ttf in Resources */ = {isa = PBXBuildFile; fileRef = 1BFFF3FC2916A0B500D0E87F /* Montserrat-Bold.ttf */; };
		1BFFF4002916A0EA00D0E87F /* Noteworthy-Bold.ttf in Resources */ = {isa = PBXBuildFile; fileRef = 1BFFF3FF2916A0EA00D0E87F /* Noteworthy-Bold.ttf */; };
		1BFFF4032916A34D00D0E87F /* Color.swift in Sources */ = {isa = PBXBuildFile; fileRef = 1BFFF4022916A34D00D0E87F /* Color.swift */; };
		1BFFF40529173D4C00D0E87F /* Home.swift in Sources */ = {isa = PBXBuildFile; fileRef = 1BFFF40429173D4C00D0E87F /* Home.swift */; };
/* End PBXBuildFile section */

/* Begin PBXContainerItemProxy section */
		1B1BFB32286E17F200EDF965 /* PBXContainerItemProxy */ = {
			isa = PBXContainerItemProxy;
			containerPortal = 1B1BFB14286E17F000EDF965 /* Project object */;
			proxyType = 1;
			remoteGlobalIDString = 1B1BFB1B286E17F000EDF965;
			remoteInfo = "Wishing-Well";
		};
		1B1BFB3C286E17F200EDF965 /* PBXContainerItemProxy */ = {
			isa = PBXContainerItemProxy;
			containerPortal = 1B1BFB14286E17F000EDF965 /* Project object */;
			proxyType = 1;
			remoteGlobalIDString = 1B1BFB1B286E17F000EDF965;
			remoteInfo = "Wishing-Well";
		};
/* End PBXContainerItemProxy section */

/* Begin PBXFileReference section */
		1B1BFB1C286E17F000EDF965 /* Wishing-Well.app */ = {isa = PBXFileReference; explicitFileType = wrapper.application; includeInIndex = 0; path = "Wishing-Well.app"; sourceTree = BUILT_PRODUCTS_DIR; };
		1B1BFB1F286E17F000EDF965 /* Wishing_WellApp.swift */ = {isa = PBXFileReference; lastKnownFileType = sourcecode.swift; path = Wishing_WellApp.swift; sourceTree = "<group>"; };
		1B1BFB21286E17F000EDF965 /* ContentView.swift */ = {isa = PBXFileReference; lastKnownFileType = sourcecode.swift; path = ContentView.swift; sourceTree = "<group>"; };
		1B1BFB23286E17F200EDF965 /* Assets.xcassets */ = {isa = PBXFileReference; lastKnownFileType = folder.assetcatalog; path = Assets.xcassets; sourceTree = "<group>"; };
		1B1BFB26286E17F200EDF965 /* Preview Assets.xcassets */ = {isa = PBXFileReference; lastKnownFileType = folder.assetcatalog; path = "Preview Assets.xcassets"; sourceTree = "<group>"; };
		1B1BFB28286E17F200EDF965 /* Persistence.swift */ = {isa = PBXFileReference; lastKnownFileType = sourcecode.swift; path = Persistence.swift; sourceTree = "<group>"; };
		1B1BFB2B286E17F200EDF965 /* Wishing_Well.xcdatamodel */ = {isa = PBXFileReference; lastKnownFileType = wrapper.xcdatamodel; path = Wishing_Well.xcdatamodel; sourceTree = "<group>"; };
		1B1BFB31286E17F200EDF965 /* Wishing-WellTests.xctest */ = {isa = PBXFileReference; explicitFileType = wrapper.cfbundle; includeInIndex = 0; path = "Wishing-WellTests.xctest"; sourceTree = BUILT_PRODUCTS_DIR; };
		1B1BFB35286E17F200EDF965 /* Wishing_WellTests.swift */ = {isa = PBXFileReference; lastKnownFileType = sourcecode.swift; path = Wishing_WellTests.swift; sourceTree = "<group>"; };
		1B1BFB3B286E17F200EDF965 /* Wishing-WellUITests.xctest */ = {isa = PBXFileReference; explicitFileType = wrapper.cfbundle; includeInIndex = 0; path = "Wishing-WellUITests.xctest"; sourceTree = BUILT_PRODUCTS_DIR; };
		1B1BFB3F286E17F200EDF965 /* Wishing_WellUITests.swift */ = {isa = PBXFileReference; lastKnownFileType = sourcecode.swift; path = Wishing_WellUITests.swift; sourceTree = "<group>"; };
		1B1BFB41286E17F200EDF965 /* Wishing_WellUITestsLaunchTests.swift */ = {isa = PBXFileReference; lastKnownFileType = sourcecode.swift; path = Wishing_WellUITestsLaunchTests.swift; sourceTree = "<group>"; };
		1B23BB6D289F185B002CFD8A /* Wishing-Well.entitlements */ = {isa = PBXFileReference; lastKnownFileType = text.plist.entitlements; path = "Wishing-Well.entitlements"; sourceTree = "<group>"; };
		1BE6DD542898CE530099C7A1 /* Login.swift */ = {isa = PBXFileReference; lastKnownFileType = sourcecode.swift; path = Login.swift; sourceTree = "<group>"; };
		1BFFF3D229163D4800D0E87F /* loginViewModel.swift */ = {isa = PBXFileReference; lastKnownFileType = sourcecode.swift; path = loginViewModel.swift; sourceTree = "<group>"; };
		1BFFF3E9291647FE00D0E87F /* AppleSignIn.swift */ = {isa = PBXFileReference; lastKnownFileType = sourcecode.swift; path = AppleSignIn.swift; sourceTree = "<group>"; };
		1BFFF3F029164B3B00D0E87F /* GoogleService-Info.plist */ = {isa = PBXFileReference; fileEncoding = 4; lastKnownFileType = text.plist.xml; path = "GoogleService-Info.plist"; sourceTree = "<group>"; };
		1BFFF3FB2916A0B500D0E87F /* Montserrat-Regular.ttf */ = {isa = PBXFileReference; lastKnownFileType = file; path = "Montserrat-Regular.ttf"; sourceTree = "<group>"; };
		1BFFF3FC2916A0B500D0E87F /* Montserrat-Bold.ttf */ = {isa = PBXFileReference; lastKnownFileType = file; path = "Montserrat-Bold.ttf"; sourceTree = "<group>"; };
		1BFFF3FF2916A0EA00D0E87F /* Noteworthy-Bold.ttf */ = {isa = PBXFileReference; lastKnownFileType = file; path = "Noteworthy-Bold.ttf"; sourceTree = "<group>"; };
		1BFFF4012916A1C500D0E87F /* Info.plist */ = {isa = PBXFileReference; lastKnownFileType = text.plist; path = Info.plist; sourceTree = "<group>"; };
		1BFFF4022916A34D00D0E87F /* Color.swift */ = {isa = PBXFileReference; lastKnownFileType = sourcecode.swift; path = Color.swift; sourceTree = "<group>"; };
		1BFFF40429173D4C00D0E87F /* Home.swift */ = {isa = PBXFileReference; lastKnownFileType = sourcecode.swift; path = Home.swift; sourceTree = "<group>"; };
/* End PBXFileReference section */

/* Begin PBXFrameworksBuildPhase section */
		1B1BFB19286E17F000EDF965 /* Frameworks */ = {
			isa = PBXFrameworksBuildPhase;
			buildActionMask = 2147483647;
			files = (
				1BFFF3DB2916452300D0E87F /* FirebaseDatabase in Frameworks */,
				1BFFF3DD2916452300D0E87F /* FirebaseFirestore in Frameworks */,
				1BFFF3E52916452300D0E87F /* FirebaseStorageCombine-Community in Frameworks */,
				1BFFF3D72916452300D0E87F /* FirebaseAuth in Frameworks */,
				1BFFF3DF2916452300D0E87F /* FirebaseFirestoreCombine-Community in Frameworks */,
				1B09D1C429189F8B00D6435B /* GoogleSignInSwift in Frameworks */,
				1BFFF3E32916452300D0E87F /* FirebaseStorage in Frameworks */,
				1BFFF3D92916452300D0E87F /* FirebaseAuthCombine-Community in Frameworks */,
				1BFFF3E12916452300D0E87F /* FirebaseFirestoreSwift in Frameworks */,
				1B09D1C229189F8B00D6435B /* GoogleSignIn in Frameworks */,
			);
			runOnlyForDeploymentPostprocessing = 0;
		};
		1B1BFB2E286E17F200EDF965 /* Frameworks */ = {
			isa = PBXFrameworksBuildPhase;
			buildActionMask = 2147483647;
			files = (
			);
			runOnlyForDeploymentPostprocessing = 0;
		};
		1B1BFB38286E17F200EDF965 /* Frameworks */ = {
			isa = PBXFrameworksBuildPhase;
			buildActionMask = 2147483647;
			files = (
			);
			runOnlyForDeploymentPostprocessing = 0;
		};
/* End PBXFrameworksBuildPhase section */

/* Begin PBXGroup section */
		1B1BFB13286E17F000EDF965 = {
			isa = PBXGroup;
			children = (
				1BFFF3F029164B3B00D0E87F /* GoogleService-Info.plist */,
				1B1BFB1E286E17F000EDF965 /* Wishing-Well */,
				1B1BFB34286E17F200EDF965 /* Wishing-WellTests */,
				1B1BFB3E286E17F200EDF965 /* Wishing-WellUITests */,
				1B1BFB1D286E17F000EDF965 /* Products */,
			);
			sourceTree = "<group>";
		};
		1B1BFB1D286E17F000EDF965 /* Products */ = {
			isa = PBXGroup;
			children = (
				1B1BFB1C286E17F000EDF965 /* Wishing-Well.app */,
				1B1BFB31286E17F200EDF965 /* Wishing-WellTests.xctest */,
				1B1BFB3B286E17F200EDF965 /* Wishing-WellUITests.xctest */,
			);
			name = Products;
			sourceTree = "<group>";
		};
		1B1BFB1E286E17F000EDF965 /* Wishing-Well */ = {
			isa = PBXGroup;
			children = (
				1BFFF4012916A1C500D0E87F /* Info.plist */,
				1B23BB6D289F185B002CFD8A /* Wishing-Well.entitlements */,
				1BE6DD532898CDEC0099C7A1 /* viewModel */,
				1BE6DD522898CDE40099C7A1 /* view */,
				1BE6DD512898CDD70099C7A1 /* model */,
				1B1BFB23286E17F200EDF965 /* Assets.xcassets */,
				1BFFF3F429169C2C00D0E87F /* Resources */,
				1B1BFB2A286E17F200EDF965 /* Wishing_Well.xcdatamodeld */,
				1B1BFB25286E17F200EDF965 /* Preview Content */,
			);
			path = "Wishing-Well";
			sourceTree = "<group>";
		};
		1B1BFB25286E17F200EDF965 /* Preview Content */ = {
			isa = PBXGroup;
			children = (
				1B1BFB26286E17F200EDF965 /* Preview Assets.xcassets */,
			);
			path = "Preview Content";
			sourceTree = "<group>";
		};
		1B1BFB34286E17F200EDF965 /* Wishing-WellTests */ = {
			isa = PBXGroup;
			children = (
				1B1BFB35286E17F200EDF965 /* Wishing_WellTests.swift */,
			);
			path = "Wishing-WellTests";
			sourceTree = "<group>";
		};
		1B1BFB3E286E17F200EDF965 /* Wishing-WellUITests */ = {
			isa = PBXGroup;
			children = (
				1B1BFB3F286E17F200EDF965 /* Wishing_WellUITests.swift */,
				1B1BFB41286E17F200EDF965 /* Wishing_WellUITestsLaunchTests.swift */,
			);
			path = "Wishing-WellUITests";
			sourceTree = "<group>";
		};
		1BE6DD512898CDD70099C7A1 /* model */ = {
			isa = PBXGroup;
			children = (
				1B1BFB28286E17F200EDF965 /* Persistence.swift */,
			);
			path = model;
			sourceTree = "<group>";
		};
		1BE6DD522898CDE40099C7A1 /* view */ = {
			isa = PBXGroup;
			children = (
				1B1BFB21286E17F000EDF965 /* ContentView.swift */,
				1BE6DD542898CE530099C7A1 /* Login.swift */,
				1BFFF40429173D4C00D0E87F /* Home.swift */,
			);
			path = view;
			sourceTree = "<group>";
		};
		1BE6DD532898CDEC0099C7A1 /* viewModel */ = {
			isa = PBXGroup;
			children = (
				1BFFF3E9291647FE00D0E87F /* AppleSignIn.swift */,
				1B1BFB1F286E17F000EDF965 /* Wishing_WellApp.swift */,
				1BFFF3D229163D4800D0E87F /* loginViewModel.swift */,
			);
			path = viewModel;
			sourceTree = "<group>";
		};
		1BFFF3F429169C2C00D0E87F /* Resources */ = {
			isa = PBXGroup;
			children = (
				1BFFF3F529169C3C00D0E87F /* Fonts */,
				1BFFF4022916A34D00D0E87F /* Color.swift */,
			);
			path = Resources;
			sourceTree = "<group>";
		};
		1BFFF3F529169C3C00D0E87F /* Fonts */ = {
			isa = PBXGroup;
			children = (
				1BFFF3FF2916A0EA00D0E87F /* Noteworthy-Bold.ttf */,
				1BFFF3FC2916A0B500D0E87F /* Montserrat-Bold.ttf */,
				1BFFF3FB2916A0B500D0E87F /* Montserrat-Regular.ttf */,
			);
			path = Fonts;
			sourceTree = "<group>";
		};
/* End PBXGroup section */

/* Begin PBXNativeTarget section */
		1B1BFB1B286E17F000EDF965 /* Wishing-Well */ = {
			isa = PBXNativeTarget;
			buildConfigurationList = 1B1BFB45286E17F200EDF965 /* Build configuration list for PBXNativeTarget "Wishing-Well" */;
			buildPhases = (
				1B1BFB18286E17F000EDF965 /* Sources */,
				1B1BFB19286E17F000EDF965 /* Frameworks */,
				1B1BFB1A286E17F000EDF965 /* Resources */,
			);
			buildRules = (
			);
			dependencies = (
			);
			name = "Wishing-Well";
			packageProductDependencies = (
				1BFFF3D62916452300D0E87F /* FirebaseAuth */,
				1BFFF3D82916452300D0E87F /* FirebaseAuthCombine-Community */,
				1BFFF3DA2916452300D0E87F /* FirebaseDatabase */,
				1BFFF3DC2916452300D0E87F /* FirebaseFirestore */,
				1BFFF3DE2916452300D0E87F /* FirebaseFirestoreCombine-Community */,
				1BFFF3E02916452300D0E87F /* FirebaseFirestoreSwift */,
				1BFFF3E22916452300D0E87F /* FirebaseStorage */,
				1BFFF3E42916452300D0E87F /* FirebaseStorageCombine-Community */,
				1B09D1C129189F8B00D6435B /* GoogleSignIn */,
				1B09D1C329189F8B00D6435B /* GoogleSignInSwift */,
			);
			productName = "Wishing-Well";
			productReference = 1B1BFB1C286E17F000EDF965 /* Wishing-Well.app */;
			productType = "com.apple.product-type.application";
		};
		1B1BFB30286E17F200EDF965 /* Wishing-WellTests */ = {
			isa = PBXNativeTarget;
			buildConfigurationList = 1B1BFB48286E17F200EDF965 /* Build configuration list for PBXNativeTarget "Wishing-WellTests" */;
			buildPhases = (
				1B1BFB2D286E17F200EDF965 /* Sources */,
				1B1BFB2E286E17F200EDF965 /* Frameworks */,
				1B1BFB2F286E17F200EDF965 /* Resources */,
			);
			buildRules = (
			);
			dependencies = (
				1B1BFB33286E17F200EDF965 /* PBXTargetDependency */,
			);
			name = "Wishing-WellTests";
			productName = "Wishing-WellTests";
			productReference = 1B1BFB31286E17F200EDF965 /* Wishing-WellTests.xctest */;
			productType = "com.apple.product-type.bundle.unit-test";
		};
		1B1BFB3A286E17F200EDF965 /* Wishing-WellUITests */ = {
			isa = PBXNativeTarget;
			buildConfigurationList = 1B1BFB4B286E17F200EDF965 /* Build configuration list for PBXNativeTarget "Wishing-WellUITests" */;
			buildPhases = (
				1B1BFB37286E17F200EDF965 /* Sources */,
				1B1BFB38286E17F200EDF965 /* Frameworks */,
				1B1BFB39286E17F200EDF965 /* Resources */,
			);
			buildRules = (
			);
			dependencies = (
				1B1BFB3D286E17F200EDF965 /* PBXTargetDependency */,
			);
			name = "Wishing-WellUITests";
			productName = "Wishing-WellUITests";
			productReference = 1B1BFB3B286E17F200EDF965 /* Wishing-WellUITests.xctest */;
			productType = "com.apple.product-type.bundle.ui-testing";
		};
/* End PBXNativeTarget section */

/* Begin PBXProject section */
		1B1BFB14286E17F000EDF965 /* Project object */ = {
			isa = PBXProject;
			attributes = {
				BuildIndependentTargetsInParallel = 1;
				LastSwiftUpdateCheck = 1340;
				LastUpgradeCheck = 1340;
				TargetAttributes = {
					1B1BFB1B286E17F000EDF965 = {
						CreatedOnToolsVersion = 13.4.1;
					};
					1B1BFB30286E17F200EDF965 = {
						CreatedOnToolsVersion = 13.4.1;
						TestTargetID = 1B1BFB1B286E17F000EDF965;
					};
					1B1BFB3A286E17F200EDF965 = {
						CreatedOnToolsVersion = 13.4.1;
						TestTargetID = 1B1BFB1B286E17F000EDF965;
					};
				};
			};
			buildConfigurationList = 1B1BFB17286E17F000EDF965 /* Build configuration list for PBXProject "Wishing-Well" */;
			compatibilityVersion = "Xcode 13.0";
			developmentRegion = en;
			hasScannedForEncodings = 0;
			knownRegions = (
				en,
				Base,
			);
			mainGroup = 1B1BFB13286E17F000EDF965;
			packageReferences = (
				1BFFF3D52916452300D0E87F /* XCRemoteSwiftPackageReference "firebase-ios-sdk" */,
				1B09D1C029189F8B00D6435B /* XCRemoteSwiftPackageReference "GoogleSignIn-iOS" */,
			);
			productRefGroup = 1B1BFB1D286E17F000EDF965 /* Products */;
			projectDirPath = "";
			projectRoot = "";
			targets = (
				1B1BFB1B286E17F000EDF965 /* Wishing-Well */,
				1B1BFB30286E17F200EDF965 /* Wishing-WellTests */,
				1B1BFB3A286E17F200EDF965 /* Wishing-WellUITests */,
			);
		};
/* End PBXProject section */

/* Begin PBXResourcesBuildPhase section */
		1B1BFB1A286E17F000EDF965 /* Resources */ = {
			isa = PBXResourcesBuildPhase;
			buildActionMask = 2147483647;
			files = (
				1B1BFB27286E17F200EDF965 /* Preview Assets.xcassets in Resources */,
				1BFFF3F129164B3B00D0E87F /* GoogleService-Info.plist in Resources */,
				1BFFF3FE2916A0B500D0E87F /* Montserrat-Bold.ttf in Resources */,
				1BFFF4002916A0EA00D0E87F /* Noteworthy-Bold.ttf in Resources */,
				1BFFF3FD2916A0B500D0E87F /* Montserrat-Regular.ttf in Resources */,
				1B1BFB24286E17F200EDF965 /* Assets.xcassets in Resources */,
			);
			runOnlyForDeploymentPostprocessing = 0;
		};
		1B1BFB2F286E17F200EDF965 /* Resources */ = {
			isa = PBXResourcesBuildPhase;
			buildActionMask = 2147483647;
			files = (
				1BFFF3F229164B3B00D0E87F /* GoogleService-Info.plist in Resources */,
			);
			runOnlyForDeploymentPostprocessing = 0;
		};
		1B1BFB39286E17F200EDF965 /* Resources */ = {
			isa = PBXResourcesBuildPhase;
			buildActionMask = 2147483647;
			files = (
				1BFFF3F329164B3B00D0E87F /* GoogleService-Info.plist in Resources */,
			);
			runOnlyForDeploymentPostprocessing = 0;
		};
/* End PBXResourcesBuildPhase section */

/* Begin PBXSourcesBuildPhase section */
		1B1BFB18286E17F000EDF965 /* Sources */ = {
			isa = PBXSourcesBuildPhase;
			buildActionMask = 2147483647;
			files = (
				1BFFF3EA291647FE00D0E87F /* AppleSignIn.swift in Sources */,
				1B1BFB29286E17F200EDF965 /* Persistence.swift in Sources */,
				1BE6DD552898CE530099C7A1 /* Login.swift in Sources */,
				1BFFF3D329163D4800D0E87F /* loginViewModel.swift in Sources */,
				1BFFF40529173D4C00D0E87F /* Home.swift in Sources */,
				1B1BFB2C286E17F200EDF965 /* Wishing_Well.xcdatamodeld in Sources */,
				1BFFF4032916A34D00D0E87F /* Color.swift in Sources */,
				1B1BFB22286E17F000EDF965 /* ContentView.swift in Sources */,
				1B1BFB20286E17F000EDF965 /* Wishing_WellApp.swift in Sources */,
			);
			runOnlyForDeploymentPostprocessing = 0;
		};
		1B1BFB2D286E17F200EDF965 /* Sources */ = {
			isa = PBXSourcesBuildPhase;
			buildActionMask = 2147483647;
			files = (
				1BFFF3EB291647FE00D0E87F /* AppleSignIn.swift in Sources */,
				1BFFF3D429163D4800D0E87F /* loginViewModel.swift in Sources */,
				1B1BFB36286E17F200EDF965 /* Wishing_WellTests.swift in Sources */,
			);
			runOnlyForDeploymentPostprocessing = 0;
		};
		1B1BFB37286E17F200EDF965 /* Sources */ = {
			isa = PBXSourcesBuildPhase;
			buildActionMask = 2147483647;
			files = (
				1B1BFB42286E17F200EDF965 /* Wishing_WellUITestsLaunchTests.swift in Sources */,
				1B1BFB40286E17F200EDF965 /* Wishing_WellUITests.swift in Sources */,
			);
			runOnlyForDeploymentPostprocessing = 0;
		};
/* End PBXSourcesBuildPhase section */

/* Begin PBXTargetDependency section */
		1B1BFB33286E17F200EDF965 /* PBXTargetDependency */ = {
			isa = PBXTargetDependency;
			target = 1B1BFB1B286E17F000EDF965 /* Wishing-Well */;
			targetProxy = 1B1BFB32286E17F200EDF965 /* PBXContainerItemProxy */;
		};
		1B1BFB3D286E17F200EDF965 /* PBXTargetDependency */ = {
			isa = PBXTargetDependency;
			target = 1B1BFB1B286E17F000EDF965 /* Wishing-Well */;
			targetProxy = 1B1BFB3C286E17F200EDF965 /* PBXContainerItemProxy */;
		};
/* End PBXTargetDependency section */

/* Begin XCBuildConfiguration section */
		1B1BFB43286E17F200EDF965 /* Debug */ = {
			isa = XCBuildConfiguration;
			buildSettings = {
				ALWAYS_SEARCH_USER_PATHS = NO;
				CLANG_ANALYZER_NONNULL = YES;
				CLANG_ANALYZER_NUMBER_OBJECT_CONVERSION = YES_AGGRESSIVE;
				CLANG_CXX_LANGUAGE_STANDARD = "gnu++17";
				CLANG_ENABLE_MODULES = YES;
				CLANG_ENABLE_OBJC_ARC = YES;
				CLANG_ENABLE_OBJC_WEAK = YES;
				CLANG_WARN_BLOCK_CAPTURE_AUTORELEASING = YES;
				CLANG_WARN_BOOL_CONVERSION = YES;
				CLANG_WARN_COMMA = YES;
				CLANG_WARN_CONSTANT_CONVERSION = YES;
				CLANG_WARN_DEPRECATED_OBJC_IMPLEMENTATIONS = YES;
				CLANG_WARN_DIRECT_OBJC_ISA_USAGE = YES_ERROR;
				CLANG_WARN_DOCUMENTATION_COMMENTS = YES;
				CLANG_WARN_EMPTY_BODY = YES;
				CLANG_WARN_ENUM_CONVERSION = YES;
				CLANG_WARN_INFINITE_RECURSION = YES;
				CLANG_WARN_INT_CONVERSION = YES;
				CLANG_WARN_NON_LITERAL_NULL_CONVERSION = YES;
				CLANG_WARN_OBJC_IMPLICIT_RETAIN_SELF = YES;
				CLANG_WARN_OBJC_LITERAL_CONVERSION = YES;
				CLANG_WARN_OBJC_ROOT_CLASS = YES_ERROR;
				CLANG_WARN_QUOTED_INCLUDE_IN_FRAMEWORK_HEADER = YES;
				CLANG_WARN_RANGE_LOOP_ANALYSIS = YES;
				CLANG_WARN_STRICT_PROTOTYPES = YES;
				CLANG_WARN_SUSPICIOUS_MOVE = YES;
				CLANG_WARN_UNGUARDED_AVAILABILITY = YES_AGGRESSIVE;
				CLANG_WARN_UNREACHABLE_CODE = YES;
				CLANG_WARN__DUPLICATE_METHOD_MATCH = YES;
				COPY_PHASE_STRIP = NO;
				DEBUG_INFORMATION_FORMAT = dwarf;
				ENABLE_STRICT_OBJC_MSGSEND = YES;
				ENABLE_TESTABILITY = YES;
				GCC_C_LANGUAGE_STANDARD = gnu11;
				GCC_DYNAMIC_NO_PIC = NO;
				GCC_NO_COMMON_BLOCKS = YES;
				GCC_OPTIMIZATION_LEVEL = 0;
				GCC_PREPROCESSOR_DEFINITIONS = (
					"DEBUG=1",
					"$(inherited)",
				);
				GCC_WARN_64_TO_32_BIT_CONVERSION = YES;
				GCC_WARN_ABOUT_RETURN_TYPE = YES_ERROR;
				GCC_WARN_UNDECLARED_SELECTOR = YES;
				GCC_WARN_UNINITIALIZED_AUTOS = YES_AGGRESSIVE;
				GCC_WARN_UNUSED_FUNCTION = YES;
				GCC_WARN_UNUSED_VARIABLE = YES;
				IPHONEOS_DEPLOYMENT_TARGET = 15.5;
				MTL_ENABLE_DEBUG_INFO = INCLUDE_SOURCE;
				MTL_FAST_MATH = YES;
				ONLY_ACTIVE_ARCH = YES;
				SDKROOT = iphoneos;
				SWIFT_ACTIVE_COMPILATION_CONDITIONS = DEBUG;
				SWIFT_OPTIMIZATION_LEVEL = "-Onone";
			};
			name = Debug;
		};
		1B1BFB44286E17F200EDF965 /* Release */ = {
			isa = XCBuildConfiguration;
			buildSettings = {
				ALWAYS_SEARCH_USER_PATHS = NO;
				CLANG_ANALYZER_NONNULL = YES;
				CLANG_ANALYZER_NUMBER_OBJECT_CONVERSION = YES_AGGRESSIVE;
				CLANG_CXX_LANGUAGE_STANDARD = "gnu++17";
				CLANG_ENABLE_MODULES = YES;
				CLANG_ENABLE_OBJC_ARC = YES;
				CLANG_ENABLE_OBJC_WEAK = YES;
				CLANG_WARN_BLOCK_CAPTURE_AUTORELEASING = YES;
				CLANG_WARN_BOOL_CONVERSION = YES;
				CLANG_WARN_COMMA = YES;
				CLANG_WARN_CONSTANT_CONVERSION = YES;
				CLANG_WARN_DEPRECATED_OBJC_IMPLEMENTATIONS = YES;
				CLANG_WARN_DIRECT_OBJC_ISA_USAGE = YES_ERROR;
				CLANG_WARN_DOCUMENTATION_COMMENTS = YES;
				CLANG_WARN_EMPTY_BODY = YES;
				CLANG_WARN_ENUM_CONVERSION = YES;
				CLANG_WARN_INFINITE_RECURSION = YES;
				CLANG_WARN_INT_CONVERSION = YES;
				CLANG_WARN_NON_LITERAL_NULL_CONVERSION = YES;
				CLANG_WARN_OBJC_IMPLICIT_RETAIN_SELF = YES;
				CLANG_WARN_OBJC_LITERAL_CONVERSION = YES;
				CLANG_WARN_OBJC_ROOT_CLASS = YES_ERROR;
				CLANG_WARN_QUOTED_INCLUDE_IN_FRAMEWORK_HEADER = YES;
				CLANG_WARN_RANGE_LOOP_ANALYSIS = YES;
				CLANG_WARN_STRICT_PROTOTYPES = YES;
				CLANG_WARN_SUSPICIOUS_MOVE = YES;
				CLANG_WARN_UNGUARDED_AVAILABILITY = YES_AGGRESSIVE;
				CLANG_WARN_UNREACHABLE_CODE = YES;
				CLANG_WARN__DUPLICATE_METHOD_MATCH = YES;
				COPY_PHASE_STRIP = NO;
				DEBUG_INFORMATION_FORMAT = "dwarf-with-dsym";
				ENABLE_NS_ASSERTIONS = NO;
				ENABLE_STRICT_OBJC_MSGSEND = YES;
				GCC_C_LANGUAGE_STANDARD = gnu11;
				GCC_NO_COMMON_BLOCKS = YES;
				GCC_WARN_64_TO_32_BIT_CONVERSION = YES;
				GCC_WARN_ABOUT_RETURN_TYPE = YES_ERROR;
				GCC_WARN_UNDECLARED_SELECTOR = YES;
				GCC_WARN_UNINITIALIZED_AUTOS = YES_AGGRESSIVE;
				GCC_WARN_UNUSED_FUNCTION = YES;
				GCC_WARN_UNUSED_VARIABLE = YES;
				IPHONEOS_DEPLOYMENT_TARGET = 15.5;
				MTL_ENABLE_DEBUG_INFO = NO;
				MTL_FAST_MATH = YES;
				SDKROOT = iphoneos;
				SWIFT_COMPILATION_MODE = wholemodule;
				SWIFT_OPTIMIZATION_LEVEL = "-O";
				VALIDATE_PRODUCT = YES;
			};
			name = Release;
		};
		1B1BFB46286E17F200EDF965 /* Debug */ = {
			isa = XCBuildConfiguration;
			buildSettings = {
				ASSETCATALOG_COMPILER_APPICON_NAME = AppIcon;
				ASSETCATALOG_COMPILER_GLOBAL_ACCENT_COLOR_NAME = AccentColor;
				CODE_SIGN_ENTITLEMENTS = "Wishing-Well/Wishing-Well.entitlements";
				CODE_SIGN_STYLE = Automatic;
				CURRENT_PROJECT_VERSION = 1;
				DEVELOPMENT_ASSET_PATHS = "\"Wishing-Well/Preview Content\"";
				DEVELOPMENT_TEAM = 7RFQ8P9BJ6;
				ENABLE_PREVIEWS = YES;
				GENERATE_INFOPLIST_FILE = YES;
				INFOPLIST_FILE = "Wishing-Well/Info.plist";
				INFOPLIST_KEY_UIApplicationSceneManifest_Generation = YES;
				INFOPLIST_KEY_UIApplicationSupportsIndirectInputEvents = YES;
				INFOPLIST_KEY_UILaunchScreen_Generation = YES;
				INFOPLIST_KEY_UISupportedInterfaceOrientations_iPad = "UIInterfaceOrientationPortrait UIInterfaceOrientationPortraitUpsideDown UIInterfaceOrientationLandscapeLeft UIInterfaceOrientationLandscapeRight";
				INFOPLIST_KEY_UISupportedInterfaceOrientations_iPhone = "UIInterfaceOrientationPortrait UIInterfaceOrientationLandscapeLeft UIInterfaceOrientationLandscapeRight";
				LD_RUNPATH_SEARCH_PATHS = (
					"$(inherited)",
					"@executable_path/Frameworks",
				);
				MARKETING_VERSION = 1.0;
				PRODUCT_BUNDLE_IDENTIFIER = "mckiba.Wishing-Well";
				PRODUCT_NAME = "$(TARGET_NAME)";
				SWIFT_EMIT_LOC_STRINGS = YES;
				SWIFT_VERSION = 5.0;
				TARGETED_DEVICE_FAMILY = "1,2";
			};
			name = Debug;
		};
		1B1BFB47286E17F200EDF965 /* Release */ = {
			isa = XCBuildConfiguration;
			buildSettings = {
				ASSETCATALOG_COMPILER_APPICON_NAME = AppIcon;
				ASSETCATALOG_COMPILER_GLOBAL_ACCENT_COLOR_NAME = AccentColor;
				CODE_SIGN_ENTITLEMENTS = "Wishing-Well/Wishing-Well.entitlements";
				CODE_SIGN_STYLE = Automatic;
				CURRENT_PROJECT_VERSION = 1;
				DEVELOPMENT_ASSET_PATHS = "\"Wishing-Well/Preview Content\"";
				DEVELOPMENT_TEAM = 7RFQ8P9BJ6;
				ENABLE_PREVIEWS = YES;
				GENERATE_INFOPLIST_FILE = YES;
				INFOPLIST_FILE = "Wishing-Well/Info.plist";
				INFOPLIST_KEY_UIApplicationSceneManifest_Generation = YES;
				INFOPLIST_KEY_UIApplicationSupportsIndirectInputEvents = YES;
				INFOPLIST_KEY_UILaunchScreen_Generation = YES;
				INFOPLIST_KEY_UISupportedInterfaceOrientations_iPad = "UIInterfaceOrientationPortrait UIInterfaceOrientationPortraitUpsideDown UIInterfaceOrientationLandscapeLeft UIInterfaceOrientationLandscapeRight";
				INFOPLIST_KEY_UISupportedInterfaceOrientations_iPhone = "UIInterfaceOrientationPortrait UIInterfaceOrientationLandscapeLeft UIInterfaceOrientationLandscapeRight";
				LD_RUNPATH_SEARCH_PATHS = (
					"$(inherited)",
					"@executable_path/Frameworks",
				);
				MARKETING_VERSION = 1.0;
				PRODUCT_BUNDLE_IDENTIFIER = "mckiba.Wishing-Well";
				PRODUCT_NAME = "$(TARGET_NAME)";
				SWIFT_EMIT_LOC_STRINGS = YES;
				SWIFT_VERSION = 5.0;
				TARGETED_DEVICE_FAMILY = "1,2";
			};
			name = Release;
		};
		1B1BFB49286E17F200EDF965 /* Debug */ = {
			isa = XCBuildConfiguration;
			buildSettings = {
				ALWAYS_EMBED_SWIFT_STANDARD_LIBRARIES = YES;
				BUNDLE_LOADER = "$(TEST_HOST)";
				CODE_SIGN_STYLE = Automatic;
				CURRENT_PROJECT_VERSION = 1;
				GENERATE_INFOPLIST_FILE = YES;
				IPHONEOS_DEPLOYMENT_TARGET = 15.5;
				MARKETING_VERSION = 1.0;
				PRODUCT_BUNDLE_IDENTIFIER = "mckiba.Wishing-WellTests";
				PRODUCT_NAME = "$(TARGET_NAME)";
				SWIFT_EMIT_LOC_STRINGS = NO;
				SWIFT_VERSION = 5.0;
				TARGETED_DEVICE_FAMILY = "1,2";
				TEST_HOST = "$(BUILT_PRODUCTS_DIR)/Wishing-Well.app/Wishing-Well";
			};
			name = Debug;
		};
		1B1BFB4A286E17F200EDF965 /* Release */ = {
			isa = XCBuildConfiguration;
			buildSettings = {
				ALWAYS_EMBED_SWIFT_STANDARD_LIBRARIES = YES;
				BUNDLE_LOADER = "$(TEST_HOST)";
				CODE_SIGN_STYLE = Automatic;
				CURRENT_PROJECT_VERSION = 1;
				GENERATE_INFOPLIST_FILE = YES;
				IPHONEOS_DEPLOYMENT_TARGET = 15.5;
				MARKETING_VERSION = 1.0;
				PRODUCT_BUNDLE_IDENTIFIER = "mckiba.Wishing-WellTests";
				PRODUCT_NAME = "$(TARGET_NAME)";
				SWIFT_EMIT_LOC_STRINGS = NO;
				SWIFT_VERSION = 5.0;
				TARGETED_DEVICE_FAMILY = "1,2";
				TEST_HOST = "$(BUILT_PRODUCTS_DIR)/Wishing-Well.app/Wishing-Well";
			};
			name = Release;
		};
		1B1BFB4C286E17F200EDF965 /* Debug */ = {
			isa = XCBuildConfiguration;
			buildSettings = {
				ALWAYS_EMBED_SWIFT_STANDARD_LIBRARIES = YES;
				CODE_SIGN_STYLE = Automatic;
				CURRENT_PROJECT_VERSION = 1;
				GENERATE_INFOPLIST_FILE = YES;
				MARKETING_VERSION = 1.0;
				PRODUCT_BUNDLE_IDENTIFIER = "mckiba.Wishing-WellUITests";
				PRODUCT_NAME = "$(TARGET_NAME)";
				SWIFT_EMIT_LOC_STRINGS = NO;
				SWIFT_VERSION = 5.0;
				TARGETED_DEVICE_FAMILY = "1,2";
				TEST_TARGET_NAME = "Wishing-Well";
			};
			name = Debug;
		};
		1B1BFB4D286E17F200EDF965 /* Release */ = {
			isa = XCBuildConfiguration;
			buildSettings = {
				ALWAYS_EMBED_SWIFT_STANDARD_LIBRARIES = YES;
				CODE_SIGN_STYLE = Automatic;
				CURRENT_PROJECT_VERSION = 1;
				GENERATE_INFOPLIST_FILE = YES;
				MARKETING_VERSION = 1.0;
				PRODUCT_BUNDLE_IDENTIFIER = "mckiba.Wishing-WellUITests";
				PRODUCT_NAME = "$(TARGET_NAME)";
				SWIFT_EMIT_LOC_STRINGS = NO;
				SWIFT_VERSION = 5.0;
				TARGETED_DEVICE_FAMILY = "1,2";
				TEST_TARGET_NAME = "Wishing-Well";
			};
			name = Release;
		};
/* End XCBuildConfiguration section */

/* Begin XCConfigurationList section */
		1B1BFB17286E17F000EDF965 /* Build configuration list for PBXProject "Wishing-Well" */ = {
			isa = XCConfigurationList;
			buildConfigurations = (
				1B1BFB43286E17F200EDF965 /* Debug */,
				1B1BFB44286E17F200EDF965 /* Release */,
			);
			defaultConfigurationIsVisible = 0;
			defaultConfigurationName = Release;
		};
		1B1BFB45286E17F200EDF965 /* Build configuration list for PBXNativeTarget "Wishing-Well" */ = {
			isa = XCConfigurationList;
			buildConfigurations = (
				1B1BFB46286E17F200EDF965 /* Debug */,
				1B1BFB47286E17F200EDF965 /* Release */,
			);
			defaultConfigurationIsVisible = 0;
			defaultConfigurationName = Release;
		};
		1B1BFB48286E17F200EDF965 /* Build configuration list for PBXNativeTarget "Wishing-WellTests" */ = {
			isa = XCConfigurationList;
			buildConfigurations = (
				1B1BFB49286E17F200EDF965 /* Debug */,
				1B1BFB4A286E17F200EDF965 /* Release */,
			);
			defaultConfigurationIsVisible = 0;
			defaultConfigurationName = Release;
		};
		1B1BFB4B286E17F200EDF965 /* Build configuration list for PBXNativeTarget "Wishing-WellUITests" */ = {
			isa = XCConfigurationList;
			buildConfigurations = (
				1B1BFB4C286E17F200EDF965 /* Debug */,
				1B1BFB4D286E17F200EDF965 /* Release */,
			);
			defaultConfigurationIsVisible = 0;
			defaultConfigurationName = Release;
		};
/* End XCConfigurationList section */

/* Begin XCRemoteSwiftPackageReference section */
		1B09D1C029189F8B00D6435B /* XCRemoteSwiftPackageReference "GoogleSignIn-iOS" */ = {
			isa = XCRemoteSwiftPackageReference;
			repositoryURL = "https://github.com/google/GoogleSignIn-iOS";
			requirement = {
				kind = upToNextMajorVersion;
				minimumVersion = 6.0.0;
			};
		};
		1BFFF3D52916452300D0E87F /* XCRemoteSwiftPackageReference "firebase-ios-sdk" */ = {
			isa = XCRemoteSwiftPackageReference;
			repositoryURL = "https://github.com/firebase/firebase-ios-sdk";
			requirement = {
				branch = master;
				kind = branch;
			};
		};
/* End XCRemoteSwiftPackageReference section */

/* Begin XCSwiftPackageProductDependency section */
		1B09D1C129189F8B00D6435B /* GoogleSignIn */ = {
			isa = XCSwiftPackageProductDependency;
			package = 1B09D1C029189F8B00D6435B /* XCRemoteSwiftPackageReference "GoogleSignIn-iOS" */;
			productName = GoogleSignIn;
		};
		1B09D1C329189F8B00D6435B /* GoogleSignInSwift */ = {
			isa = XCSwiftPackageProductDependency;
			package = 1B09D1C029189F8B00D6435B /* XCRemoteSwiftPackageReference "GoogleSignIn-iOS" */;
			productName = GoogleSignInSwift;
		};
		1BFFF3D62916452300D0E87F /* FirebaseAuth */ = {
			isa = XCSwiftPackageProductDependency;
			package = 1BFFF3D52916452300D0E87F /* XCRemoteSwiftPackageReference "firebase-ios-sdk" */;
			productName = FirebaseAuth;
		};
		1BFFF3D82916452300D0E87F /* FirebaseAuthCombine-Community */ = {
			isa = XCSwiftPackageProductDependency;
			package = 1BFFF3D52916452300D0E87F /* XCRemoteSwiftPackageReference "firebase-ios-sdk" */;
			productName = "FirebaseAuthCombine-Community";
		};
		1BFFF3DA2916452300D0E87F /* FirebaseDatabase */ = {
			isa = XCSwiftPackageProductDependency;
			package = 1BFFF3D52916452300D0E87F /* XCRemoteSwiftPackageReference "firebase-ios-sdk" */;
			productName = FirebaseDatabase;
		};
		1BFFF3DC2916452300D0E87F /* FirebaseFirestore */ = {
			isa = XCSwiftPackageProductDependency;
			package = 1BFFF3D52916452300D0E87F /* XCRemoteSwiftPackageReference "firebase-ios-sdk" */;
			productName = FirebaseFirestore;
		};
		1BFFF3DE2916452300D0E87F /* FirebaseFirestoreCombine-Community */ = {
			isa = XCSwiftPackageProductDependency;
			package = 1BFFF3D52916452300D0E87F /* XCRemoteSwiftPackageReference "firebase-ios-sdk" */;
			productName = "FirebaseFirestoreCombine-Community";
		};
		1BFFF3E02916452300D0E87F /* FirebaseFirestoreSwift */ = {
			isa = XCSwiftPackageProductDependency;
			package = 1BFFF3D52916452300D0E87F /* XCRemoteSwiftPackageReference "firebase-ios-sdk" */;
			productName = FirebaseFirestoreSwift;
		};
		1BFFF3E22916452300D0E87F /* FirebaseStorage */ = {
			isa = XCSwiftPackageProductDependency;
			package = 1BFFF3D52916452300D0E87F /* XCRemoteSwiftPackageReference "firebase-ios-sdk" */;
			productName = FirebaseStorage;
		};
		1BFFF3E42916452300D0E87F /* FirebaseStorageCombine-Community */ = {
			isa = XCSwiftPackageProductDependency;
			package = 1BFFF3D52916452300D0E87F /* XCRemoteSwiftPackageReference "firebase-ios-sdk" */;
			productName = "FirebaseStorageCombine-Community";
		};
/* End XCSwiftPackageProductDependency section */

/* Begin XCVersionGroup section */
		1B1BFB2A286E17F200EDF965 /* Wishing_Well.xcdatamodeld */ = {
			isa = XCVersionGroup;
			children = (
				1B1BFB2B286E17F200EDF965 /* Wishing_Well.xcdatamodel */,
			);
			currentVersion = 1B1BFB2B286E17F200EDF965 /* Wishing_Well.xcdatamodel */;
			path = Wishing_Well.xcdatamodeld;
			sourceTree = "<group>";
			versionGroupType = wrapper.xcdatamodel;
		};
/* End XCVersionGroup section */
	};
	rootObject = 1B1BFB14286E17F000EDF965 /* Project object */;
}
